// !$*UTF8*$!
{
	archiveVersion = 1;
	classes = {
	};
	objectVersion = 46;
	objects = {

/* Begin PBXBuildFile section */
		C49DEEBE1B95896E007935D9 /* main.m in Sources */ = {isa = PBXBuildFile; fileRef = C49DEEBD1B95896E007935D9 /* main.m */; };
		C49DEEC11B95896E007935D9 /* AppDelegate.m in Sources */ = {isa = PBXBuildFile; fileRef = C49DEEC01B95896E007935D9 /* AppDelegate.m */; };
		C49DEEC41B95896E007935D9 /* ViewController.m in Sources */ = {isa = PBXBuildFile; fileRef = C49DEEC31B95896E007935D9 /* ViewController.m */; };
		C49DEEC71B95896E007935D9 /* Main.storyboard in Resources */ = {isa = PBXBuildFile; fileRef = C49DEEC51B95896E007935D9 /* Main.storyboard */; };
		C49DEEC91B95896E007935D9 /* Images.xcassets in Resources */ = {isa = PBXBuildFile; fileRef = C49DEEC81B95896E007935D9 /* Images.xcassets */; };
		C49DEECC1B95896E007935D9 /* LaunchScreen.xib in Resources */ = {isa = PBXBuildFile; fileRef = C49DEECA1B95896E007935D9 /* LaunchScreen.xib */; };
		C49DEED81B95896E007935D9 /* manga_iosTests.m in Sources */ = {isa = PBXBuildFile; fileRef = C49DEED71B95896E007935D9 /* manga_iosTests.m */; };
/* End PBXBuildFile section */

/* Begin PBXContainerItemProxy section */
		C49DEED21B95896E007935D9 /* PBXContainerItemProxy */ = {
			isa = PBXContainerItemProxy;
			containerPortal = C49DEEB01B95896E007935D9 /* Project object */;
			proxyType = 1;
			remoteGlobalIDString = C49DEEB71B95896E007935D9;
			remoteInfo = "manga-ios";
		};
/* End PBXContainerItemProxy section */

/* Begin PBXFileReference section */
		C49DEEB81B95896E007935D9 /* manga-ios.app */ = {isa = PBXFileReference; explicitFileType = wrapper.application; includeInIndex = 0; path = "manga-ios.app"; sourceTree = BUILT_PRODUCTS_DIR; };
		C49DEEBC1B95896E007935D9 /* Info.plist */ = {isa = PBXFileReference; lastKnownFileType = text.plist.xml; path = Info.plist; sourceTree = "<group>"; };
		C49DEEBD1B95896E007935D9 /* main.m */ = {isa = PBXFileReference; lastKnownFileType = sourcecode.c.objc; path = main.m; sourceTree = "<group>"; };
		C49DEEBF1B95896E007935D9 /* AppDelegate.h */ = {isa = PBXFileReference; lastKnownFileType = sourcecode.c.h; path = AppDelegate.h; sourceTree = "<group>"; };
		C49DEEC01B95896E007935D9 /* AppDelegate.m */ = {isa = PBXFileReference; lastKnownFileType = sourcecode.c.objc; path = AppDelegate.m; sourceTree = "<group>"; };
		C49DEEC21B95896E007935D9 /* ViewController.h */ = {isa = PBXFileReference; lastKnownFileType = sourcecode.c.h; path = ViewController.h; sourceTree = "<group>"; };
		C49DEEC31B95896E007935D9 /* ViewController.m */ = {isa = PBXFileReference; lastKnownFileType = sourcecode.c.objc; path = ViewController.m; sourceTree = "<group>"; };
		C49DEEC61B95896E007935D9 /* Base */ = {isa = PBXFileReference; lastKnownFileType = file.storyboard; name = Base; path = Base.lproj/Main.storyboard; sourceTree = "<group>"; };
		C49DEEC81B95896E007935D9 /* Images.xcassets */ = {isa = PBXFileReference; lastKnownFileType = folder.assetcatalog; path = Images.xcassets; sourceTree = "<group>"; };
		C49DEECB1B95896E007935D9 /* Base */ = {isa = PBXFileReference; lastKnownFileType = file.xib; name = Base; path = Base.lproj/LaunchScreen.xib; sourceTree = "<group>"; };
		C49DEED11B95896E007935D9 /* manga-iosTests.xctest */ = {isa = PBXFileReference; explicitFileType = wrapper.cfbundle; includeInIndex = 0; path = "manga-iosTests.xctest"; sourceTree = BUILT_PRODUCTS_DIR; };
		C49DEED61B95896E007935D9 /* Info.plist */ = {isa = PBXFileReference; lastKnownFileType = text.plist.xml; path = Info.plist; sourceTree = "<group>"; };
		C49DEED71B95896E007935D9 /* manga_iosTests.m */ = {isa = PBXFileReference; lastKnownFileType = sourcecode.c.objc; path = manga_iosTests.m; sourceTree = "<group>"; };
/* End PBXFileReference section */

/* Begin PBXFrameworksBuildPhase section */
		C49DEEB51B95896E007935D9 /* Frameworks */ = {
			isa = PBXFrameworksBuildPhase;
			buildActionMask = 2147483647;
			files = (
			);
			runOnlyForDeploymentPostprocessing = 0;
		};
		C49DEECE1B95896E007935D9 /* Frameworks */ = {
			isa = PBXFrameworksBuildPhase;
			buildActionMask = 2147483647;
			files = (
			);
			runOnlyForDeploymentPostprocessing = 0;
		};
/* End PBXFrameworksBuildPhase section */

/* Begin PBXGroup section */
		C49DEEAF1B95896E007935D9 = {
			isa = PBXGroup;
			children = (
				C49DEEBA1B95896E007935D9 /* manga-ios */,
				C49DEED41B95896E007935D9 /* manga-iosTests */,
				C49DEEB91B95896E007935D9 /* Products */,
			);
			sourceTree = "<group>";
		};
		C49DEEB91B95896E007935D9 /* Products */ = {
			isa = PBXGroup;
			children = (
				C49DEEB81B95896E007935D9 /* manga-ios.app */,
				C49DEED11B95896E007935D9 /* manga-iosTests.xctest */,
			);
			name = Products;
			sourceTree = "<group>";
		};
		C49DEEBA1B95896E007935D9 /* manga-ios */ = {
			isa = PBXGroup;
			children = (
				C49DEEBF1B95896E007935D9 /* AppDelegate.h */,
				C49DEEC01B95896E007935D9 /* AppDelegate.m */,
				C49DEEC21B95896E007935D9 /* ViewController.h */,
				C49DEEC31B95896E007935D9 /* ViewController.m */,
				C49DEEC51B95896E007935D9 /* Main.storyboard */,
				C49DEEC81B95896E007935D9 /* Images.xcassets */,
				C49DEECA1B95896E007935D9 /* LaunchScreen.xib */,
				C49DEEBB1B95896E007935D9 /* Supporting Files */,
			);
			path = "manga-ios";
			sourceTree = "<group>";
		};
		C49DEEBB1B95896E007935D9 /* Supporting Files */ = {
			isa = PBXGroup;
			children = (
				C49DEEBC1B95896E007935D9 /* Info.plist */,
				C49DEEBD1B95896E007935D9 /* main.m */,
			);
			name = "Supporting Files";
			sourceTree = "<group>";
		};
		C49DEED41B95896E007935D9 /* manga-iosTests */ = {
			isa = PBXGroup;
			children = (
				C49DEED71B95896E007935D9 /* manga_iosTests.m */,
				C49DEED51B95896E007935D9 /* Supporting Files */,
			);
			path = "manga-iosTests";
			sourceTree = "<group>";
		};
		C49DEED51B95896E007935D9 /* Supporting Files */ = {
			isa = PBXGroup;
			children = (
				C49DEED61B95896E007935D9 /* Info.plist */,
			);
			name = "Supporting Files";
			sourceTree = "<group>";
		};
/* End PBXGroup section */

/* Begin PBXNativeTarget section */
		C49DEEB71B95896E007935D9 /* manga-ios */ = {
			isa = PBXNativeTarget;
			buildConfigurationList = C49DEEDB1B95896E007935D9 /* Build configuration list for PBXNativeTarget "manga-ios" */;
			buildPhases = (
				C49DEEB41B95896E007935D9 /* Sources */,
				C49DEEB51B95896E007935D9 /* Frameworks */,
				C49DEEB61B95896E007935D9 /* Resources */,
			);
			buildRules = (
			);
			dependencies = (
			);
			name = "manga-ios";
			productName = "manga-ios";
			productReference = C49DEEB81B95896E007935D9 /* manga-ios.app */;
			productType = "com.apple.product-type.application";
		};
		C49DEED01B95896E007935D9 /* manga-iosTests */ = {
			isa = PBXNativeTarget;
			buildConfigurationList = C49DEEDE1B95896E007935D9 /* Build configuration list for PBXNativeTarget "manga-iosTests" */;
			buildPhases = (
				C49DEECD1B95896E007935D9 /* Sources */,
				C49DEECE1B95896E007935D9 /* Frameworks */,
				C49DEECF1B95896E007935D9 /* Resources */,
			);
			buildRules = (
			);
			dependencies = (
				C49DEED31B95896E007935D9 /* PBXTargetDependency */,
			);
			name = "manga-iosTests";
			productName = "manga-iosTests";
			productReference = C49DEED11B95896E007935D9 /* manga-iosTests.xctest */;
			productType = "com.apple.product-type.bundle.unit-test";
		};
/* End PBXNativeTarget section */

/* Begin PBXProject section */
		C49DEEB01B95896E007935D9 /* Project object */ = {
			isa = PBXProject;
			attributes = {
				LastUpgradeCheck = 0640;
				ORGANIZATIONNAME = "EverManga Studio";
				TargetAttributes = {
					C49DEEB71B95896E007935D9 = {
						CreatedOnToolsVersion = 6.4;
					};
					C49DEED01B95896E007935D9 = {
						CreatedOnToolsVersion = 6.4;
						TestTargetID = C49DEEB71B95896E007935D9;
					};
				};
			};
			buildConfigurationList = C49DEEB31B95896E007935D9 /* Build configuration list for PBXProject "manga-ios" */;
			compatibilityVersion = "Xcode 3.2";
			developmentRegion = English;
			hasScannedForEncodings = 0;
			knownRegions = (
				en,
				Base,
			);
			mainGroup = C49DEEAF1B95896E007935D9;
			productRefGroup = C49DEEB91B95896E007935D9 /* Products */;
			projectDirPath = "";
			projectRoot = "";
			targets = (
				C49DEEB71B95896E007935D9 /* manga-ios */,
				C49DEED01B95896E007935D9 /* manga-iosTests */,
			);
		};
/* End PBXProject section */

/* Begin PBXResourcesBuildPhase section */
		C49DEEB61B95896E007935D9 /* Resources */ = {
			isa = PBXResourcesBuildPhase;
			buildActionMask = 2147483647;
			files = (
				C49DEEC71B95896E007935D9 /* Main.storyboard in Resources */,
				C49DEECC1B95896E007935D9 /* LaunchScreen.xib in Resources */,
				C49DEEC91B95896E007935D9 /* Images.xcassets in Resources */,
			);
			runOnlyForDeploymentPostprocessing = 0;
		};
		C49DEECF1B95896E007935D9 /* Resources */ = {
			isa = PBXResourcesBuildPhase;
			buildActionMask = 2147483647;
			files = (
			);
			runOnlyForDeploymentPostprocessing = 0;
		};
/* End PBXResourcesBuildPhase section */

/* Begin PBXSourcesBuildPhase section */
		C49DEEB41B95896E007935D9 /* Sources */ = {
			isa = PBXSourcesBuildPhase;
			buildActionMask = 2147483647;
			files = (
				C49DEEC41B95896E007935D9 /* ViewController.m in Sources */,
				C49DEEC11B95896E007935D9 /* AppDelegate.m in Sources */,
				C49DEEBE1B95896E007935D9 /* main.m in Sources */,
			);
			runOnlyForDeploymentPostprocessing = 0;
		};
		C49DEECD1B95896E007935D9 /* Sources */ = {
			isa = PBXSourcesBuildPhase;
			buildActionMask = 2147483647;
			files = (
				C49DEED81B95896E007935D9 /* manga_iosTests.m in Sources */,
			);
			runOnlyForDeploymentPostprocessing = 0;
		};
/* End PBXSourcesBuildPhase section */

/* Begin PBXTargetDependency section */
		C49DEED31B95896E007935D9 /* PBXTargetDependency */ = {
			isa = PBXTargetDependency;
			target = C49DEEB71B95896E007935D9 /* manga-ios */;
			targetProxy = C49DEED21B95896E007935D9 /* PBXContainerItemProxy */;
		};
/* End PBXTargetDependency section */

/* Begin PBXVariantGroup section */
		C49DEEC51B95896E007935D9 /* Main.storyboard */ = {
			isa = PBXVariantGroup;
			children = (
				C49DEEC61B95896E007935D9 /* Base */,
			);
			name = Main.storyboard;
			sourceTree = "<group>";
		};
		C49DEECA1B95896E007935D9 /* LaunchScreen.xib */ = {
			isa = PBXVariantGroup;
			children = (
				C49DEECB1B95896E007935D9 /* Base */,
			);
			name = LaunchScreen.xib;
			sourceTree = "<group>";
		};
/* End PBXVariantGroup section */

/* Begin XCBuildConfiguration section */
		C49DEED91B95896E007935D9 /* Debug */ = {
			isa = XCBuildConfiguration;
			buildSettings = {
				ALWAYS_SEARCH_USER_PATHS = NO;
				CLANG_CXX_LANGUAGE_STANDARD = "gnu++0x";
				CLANG_CXX_LIBRARY = "libc++";
				CLANG_ENABLE_MODULES = YES;
				CLANG_ENABLE_OBJC_ARC = YES;
				CLANG_WARN_BOOL_CONVERSION = YES;
				CLANG_WARN_CONSTANT_CONVERSION = YES;
				CLANG_WARN_DIRECT_OBJC_ISA_USAGE = YES_ERROR;
				CLANG_WARN_EMPTY_BODY = YES;
				CLANG_WARN_ENUM_CONVERSION = YES;
				CLANG_WARN_INT_CONVERSION = YES;
				CLANG_WARN_OBJC_ROOT_CLASS = YES_ERROR;
				CLANG_WARN_UNREACHABLE_CODE = YES;
				CLANG_WARN__DUPLICATE_METHOD_MATCH = YES;
				"CODE_SIGN_IDENTITY[sdk=iphoneos*]" = "iPhone Developer";
				COPY_PHASE_STRIP = NO;
				DEBUG_INFORMATION_FORMAT = "dwarf-with-dsym";
				ENABLE_STRICT_OBJC_MSGSEND = YES;
				GCC_C_LANGUAGE_STANDARD = gnu99;
				GCC_DYNAMIC_NO_PIC = NO;
				GCC_NO_COMMON_BLOCKS = YES;
				GCC_OPTIMIZATION_LEVEL = 0;
				GCC_PREPROCESSOR_DEFINITIONS = (
					"DEBUG=1",
					"$(inherited)",
				);
				GCC_SYMBOLS_PRIVATE_EXTERN = NO;
				GCC_WARN_64_TO_32_BIT_CONVERSION = YES;
				GCC_WARN_ABOUT_RETURN_TYPE = YES_ERROR;
				GCC_WARN_UNDECLARED_SELECTOR = YES;
				GCC_WARN_UNINITIALIZED_AUTOS = YES_AGGRESSIVE;
				GCC_WARN_UNUSED_FUNCTION = YES;
				GCC_WARN_UNUSED_VARIABLE = YES;
				IPHONEOS_DEPLOYMENT_TARGET = 8.4;
				MTL_ENABLE_DEBUG_INFO = YES;
				ONLY_ACTIVE_ARCH = YES;
				SDKROOT = iphoneos;
				TARGETED_DEVICE_FAMILY = "1,2";
			};
			name = Debug;
		};
		C49DEEDA1B95896E007935D9 /* Release */ = {
			isa = XCBuildConfiguration;
			buildSettings = {
				ALWAYS_SEARCH_USER_PATHS = NO;
				CLANG_CXX_LANGUAGE_STANDARD = "gnu++0x";
				CLANG_CXX_LIBRARY = "libc++";
				CLANG_ENABLE_MODULES = YES;
				CLANG_ENABLE_OBJC_ARC = YES;
				CLANG_WARN_BOOL_CONVERSION = YES;
				CLANG_WARN_CONSTANT_CONVERSION = YES;
				CLANG_WARN_DIRECT_OBJC_ISA_USAGE = YES_ERROR;
				CLANG_WARN_EMPTY_BODY = YES;
				CLANG_WARN_ENUM_CONVERSION = YES;
				CLANG_WARN_INT_CONVERSION = YES;
				CLANG_WARN_OBJC_ROOT_CLASS = YES_ERROR;
				CLANG_WARN_UNREACHABLE_CODE = YES;
				CLANG_WARN__DUPLICATE_METHOD_MATCH = YES;
				"CODE_SIGN_IDENTITY[sdk=iphoneos*]" = "iPhone Developer";
				COPY_PHASE_STRIP = NO;
				DEBUG_INFORMATION_FORMAT = "dwarf-with-dsym";
				ENABLE_NS_ASSERTIONS = NO;
				ENABLE_STRICT_OBJC_MSGSEND = YES;
				GCC_C_LANGUAGE_STANDARD = gnu99;
				GCC_NO_COMMON_BLOCKS = YES;
				GCC_WARN_64_TO_32_BIT_CONVERSION = YES;
				GCC_WARN_ABOUT_RETURN_TYPE = YES_ERROR;
				GCC_WARN_UNDECLARED_SELECTOR = YES;
				GCC_WARN_UNINITIALIZED_AUTOS = YES_AGGRESSIVE;
				GCC_WARN_UNUSED_FUNCTION = YES;
				GCC_WARN_UNUSED_VARIABLE = YES;
				IPHONEOS_DEPLOYMENT_TARGET = 8.4;
				MTL_ENABLE_DEBUG_INFO = NO;
				SDKROOT = iphoneos;
				TARGETED_DEVICE_FAMILY = "1,2";
				VALIDATE_PRODUCT = YES;
			};
			name = Release;
		};
		C49DEEDC1B95896E007935D9 /* Debug */ = {
			isa = XCBuildConfiguration;
			buildSettings = {
				ASSETCATALOG_COMPILER_APPICON_NAME = AppIcon;
				INFOPLIST_FILE = "manga-ios/Info.plist";
				LD_RUNPATH_SEARCH_PATHS = "$(inherited) @executable_path/Frameworks";
				PRODUCT_NAME = "$(TARGET_NAME)";
			};
			name = Debug;
		};
		C49DEEDD1B95896E007935D9 /* Release */ = {
			isa = XCBuildConfiguration;
			buildSettings = {
				ASSETCATALOG_COMPILER_APPICON_NAME = AppIcon;
				INFOPLIST_FILE = "manga-ios/Info.plist";
				LD_RUNPATH_SEARCH_PATHS = "$(inherited) @executable_path/Frameworks";
				PRODUCT_NAME = "$(TARGET_NAME)";
			};
			name = Release;
		};
		C49DEEDF1B95896E007935D9 /* Debug */ = {
			isa = XCBuildConfiguration;
			buildSettings = {
				BUNDLE_LOADER = "$(TEST_HOST)";
				FRAMEWORK_SEARCH_PATHS = (
					"$(SDKROOT)/Developer/Library/Frameworks",
					"$(inherited)",
				);
				GCC_PREPROCESSOR_DEFINITIONS = (
					"DEBUG=1",
					"$(inherited)",
				);
				INFOPLIST_FILE = "manga-iosTests/Info.plist";
				LD_RUNPATH_SEARCH_PATHS = "$(inherited) @executable_path/Frameworks @loader_path/Frameworks";
				PRODUCT_NAME = "$(TARGET_NAME)";
				TEST_HOST = "$(BUILT_PRODUCTS_DIR)/manga-ios.app/manga-ios";
			};
			name = Debug;
		};
		C49DEEE01B95896E007935D9 /* Release */ = {
			isa = XCBuildConfiguration;
			buildSettings = {
				BUNDLE_LOADER = "$(TEST_HOST)";
				FRAMEWORK_SEARCH_PATHS = (
					"$(SDKROOT)/Developer/Library/Frameworks",
					"$(inherited)",
				);
				INFOPLIST_FILE = "manga-iosTests/Info.plist";
				LD_RUNPATH_SEARCH_PATHS = "$(inherited) @executable_path/Frameworks @loader_path/Frameworks";
				PRODUCT_NAME = "$(TARGET_NAME)";
				TEST_HOST = "$(BUILT_PRODUCTS_DIR)/manga-ios.app/manga-ios";
			};
			name = Release;
		};
/* End XCBuildConfiguration section */

/* Begin XCConfigurationList section */
		C49DEEB31B95896E007935D9 /* Build configuration list for PBXProject "manga-ios" */ = {
			isa = XCConfigurationList;
			buildConfigurations = (
				C49DEED91B95896E007935D9 /* Debug */,
				C49DEEDA1B95896E007935D9 /* Release */,
			);
			defaultConfigurationIsVisible = 0;
			defaultConfigurationName = Release;
		};
		C49DEEDB1B95896E007935D9 /* Build configuration list for PBXNativeTarget "manga-ios" */ = {
			isa = XCConfigurationList;
			buildConfigurations = (
				C49DEEDC1B95896E007935D9 /* Debug */,
				C49DEEDD1B95896E007935D9 /* Release */,
			);
			defaultConfigurationIsVisible = 0;
		};
		C49DEEDE1B95896E007935D9 /* Build configuration list for PBXNativeTarget "manga-iosTests" */ = {
			isa = XCConfigurationList;
			buildConfigurations = (
				C49DEEDF1B95896E007935D9 /* Debug */,
				C49DEEE01B95896E007935D9 /* Release */,
			);
			defaultConfigurationIsVisible = 0;
		};
/* End XCConfigurationList section */
	};
	rootObject = C49DEEB01B95896E007935D9 /* Project object */;
}
