// !$*UTF8*$!
{
	archiveVersion = 1;
	classes = {
	};
	objectVersion = 46;
	objects = {

/* Begin PBXBuildFile section */
		513FD35445E6B7D472B1597E /* libPods.a in Frameworks */ = {isa = PBXBuildFile; fileRef = 8CEB17D1B0533A51B8E4C77B /* libPods.a */; };
		C49DEEBE1B95896E007935D9 /* main.m in Sources */ = {isa = PBXBuildFile; fileRef = C49DEEBD1B95896E007935D9 /* main.m */; };
		C49DEEC11B95896E007935D9 /* AppDelegate.m in Sources */ = {isa = PBXBuildFile; fileRef = C49DEEC01B95896E007935D9 /* AppDelegate.m */; };
		C49DEEC71B95896E007935D9 /* Main.storyboard in Resources */ = {isa = PBXBuildFile; fileRef = C49DEEC51B95896E007935D9 /* Main.storyboard */; };
		C49DEEC91B95896E007935D9 /* Images.xcassets in Resources */ = {isa = PBXBuildFile; fileRef = C49DEEC81B95896E007935D9 /* Images.xcassets */; };
		C49DEECC1B95896E007935D9 /* LaunchScreen.xib in Resources */ = {isa = PBXBuildFile; fileRef = C49DEECA1B95896E007935D9 /* LaunchScreen.xib */; };
		C49DEED81B95896E007935D9 /* manga_iosTests.m in Sources */ = {isa = PBXBuildFile; fileRef = C49DEED71B95896E007935D9 /* manga_iosTests.m */; };
		C49DEEF81B958B52007935D9 /* CatalogViewController.m in Sources */ = {isa = PBXBuildFile; fileRef = C49DEEF11B958B52007935D9 /* CatalogViewController.m */; };
		C49DEEFA1B958B52007935D9 /* MangaCollectionViewCell.m in Sources */ = {isa = PBXBuildFile; fileRef = C49DEEF51B958B52007935D9 /* MangaCollectionViewCell.m */; };
		C4B49DE81B96E0920043F034 /* MangaBrief.m in Sources */ = {isa = PBXBuildFile; fileRef = C4B49DE71B96E0920043F034 /* MangaBrief.m */; };
		C4B49DEB1B96E2AA0043F034 /* MangaConfig.m in Sources */ = {isa = PBXBuildFile; fileRef = C4B49DEA1B96E2AA0043F034 /* MangaConfig.m */; };
		C4E5F22B1B9DF492007EE7CD /* MangaTabBarController.m in Sources */ = {isa = PBXBuildFile; fileRef = C4E5F22A1B9DF492007EE7CD /* MangaTabBarController.m */; };
/* End PBXBuildFile section */

/* Begin PBXContainerItemProxy section */
		C49DEED21B95896E007935D9 /* PBXContainerItemProxy */ = {
			isa = PBXContainerItemProxy;
			containerPortal = C49DEEB01B95896E007935D9 /* Project object */;
			proxyType = 1;
			remoteGlobalIDString = C49DEEB71B95896E007935D9;
			remoteInfo = "manga-ios";
		};
/* End PBXContainerItemProxy section */

/* Begin PBXFileReference section */
		230A5F54DB408B4BA44F8C01 /* Pods.release.xcconfig */ = {isa = PBXFileReference; includeInIndex = 1; lastKnownFileType = text.xcconfig; name = Pods.release.xcconfig; path = "Pods/Target Support Files/Pods/Pods.release.xcconfig"; sourceTree = "<group>"; };
		8CEB17D1B0533A51B8E4C77B /* libPods.a */ = {isa = PBXFileReference; explicitFileType = archive.ar; includeInIndex = 0; path = libPods.a; sourceTree = BUILT_PRODUCTS_DIR; };
		C2D9049853FE92D84E1C74EA /* Pods.debug.xcconfig */ = {isa = PBXFileReference; includeInIndex = 1; lastKnownFileType = text.xcconfig; name = Pods.debug.xcconfig; path = "Pods/Target Support Files/Pods/Pods.debug.xcconfig"; sourceTree = "<group>"; };
		C49DEEB81B95896E007935D9 /* manga-ios.app */ = {isa = PBXFileReference; explicitFileType = wrapper.application; includeInIndex = 0; path = "manga-ios.app"; sourceTree = BUILT_PRODUCTS_DIR; };
		C49DEEBC1B95896E007935D9 /* Info.plist */ = {isa = PBXFileReference; lastKnownFileType = text.plist.xml; path = Info.plist; sourceTree = "<group>"; };
		C49DEEBD1B95896E007935D9 /* main.m */ = {isa = PBXFileReference; lastKnownFileType = sourcecode.c.objc; path = main.m; sourceTree = "<group>"; };
		C49DEEBF1B95896E007935D9 /* AppDelegate.h */ = {isa = PBXFileReference; lastKnownFileType = sourcecode.c.h; name = AppDelegate.h; path = ../AppDelegate.h; sourceTree = "<group>"; };
		C49DEEC01B95896E007935D9 /* AppDelegate.m */ = {isa = PBXFileReference; lastKnownFileType = sourcecode.c.objc; name = AppDelegate.m; path = ../AppDelegate.m; sourceTree = "<group>"; };
		C49DEEC61B95896E007935D9 /* Base */ = {isa = PBXFileReference; lastKnownFileType = file.storyboard; name = Base; path = Base.lproj/Main.storyboard; sourceTree = "<group>"; };
		C49DEEC81B95896E007935D9 /* Images.xcassets */ = {isa = PBXFileReference; lastKnownFileType = folder.assetcatalog; path = Images.xcassets; sourceTree = "<group>"; };
		C49DEECB1B95896E007935D9 /* Base */ = {isa = PBXFileReference; lastKnownFileType = file.xib; name = Base; path = Base.lproj/LaunchScreen.xib; sourceTree = "<group>"; };
		C49DEED11B95896E007935D9 /* manga-iosTests.xctest */ = {isa = PBXFileReference; explicitFileType = wrapper.cfbundle; includeInIndex = 0; path = "manga-iosTests.xctest"; sourceTree = BUILT_PRODUCTS_DIR; };
		C49DEED61B95896E007935D9 /* Info.plist */ = {isa = PBXFileReference; lastKnownFileType = text.plist.xml; path = Info.plist; sourceTree = "<group>"; };
		C49DEED71B95896E007935D9 /* manga_iosTests.m */ = {isa = PBXFileReference; lastKnownFileType = sourcecode.c.objc; path = manga_iosTests.m; sourceTree = "<group>"; };
		C49DEEF01B958B52007935D9 /* CatalogViewController.h */ = {isa = PBXFileReference; fileEncoding = 4; lastKnownFileType = sourcecode.c.h; path = CatalogViewController.h; sourceTree = "<group>"; };
		C49DEEF11B958B52007935D9 /* CatalogViewController.m */ = {isa = PBXFileReference; fileEncoding = 4; lastKnownFileType = sourcecode.c.objc; path = CatalogViewController.m; sourceTree = "<group>"; };
		C49DEEF41B958B52007935D9 /* MangaCollectionViewCell.h */ = {isa = PBXFileReference; fileEncoding = 4; lastKnownFileType = sourcecode.c.h; path = MangaCollectionViewCell.h; sourceTree = "<group>"; };
		C49DEEF51B958B52007935D9 /* MangaCollectionViewCell.m */ = {isa = PBXFileReference; fileEncoding = 4; lastKnownFileType = sourcecode.c.objc; path = MangaCollectionViewCell.m; sourceTree = "<group>"; };
		C4B49DE61B96E0920043F034 /* MangaBrief.h */ = {isa = PBXFileReference; fileEncoding = 4; lastKnownFileType = sourcecode.c.h; path = MangaBrief.h; sourceTree = "<group>"; };
		C4B49DE71B96E0920043F034 /* MangaBrief.m */ = {isa = PBXFileReference; fileEncoding = 4; lastKnownFileType = sourcecode.c.objc; path = MangaBrief.m; sourceTree = "<group>"; };
		C4B49DE91B96E2AA0043F034 /* MangaConfig.h */ = {isa = PBXFileReference; fileEncoding = 4; lastKnownFileType = sourcecode.c.h; path = MangaConfig.h; sourceTree = "<group>"; };
		C4B49DEA1B96E2AA0043F034 /* MangaConfig.m */ = {isa = PBXFileReference; fileEncoding = 4; lastKnownFileType = sourcecode.c.objc; path = MangaConfig.m; sourceTree = "<group>"; };
		C4E5F2291B9DF492007EE7CD /* MangaTabBarController.h */ = {isa = PBXFileReference; fileEncoding = 4; lastKnownFileType = sourcecode.c.h; path = MangaTabBarController.h; sourceTree = "<group>"; };
		C4E5F22A1B9DF492007EE7CD /* MangaTabBarController.m */ = {isa = PBXFileReference; fileEncoding = 4; lastKnownFileType = sourcecode.c.objc; path = MangaTabBarController.m; sourceTree = "<group>"; };
/* End PBXFileReference section */

/* Begin PBXFrameworksBuildPhase section */
		C49DEEB51B95896E007935D9 /* Frameworks */ = {
			isa = PBXFrameworksBuildPhase;
			buildActionMask = 2147483647;
			files = (
				513FD35445E6B7D472B1597E /* libPods.a in Frameworks */,
			);
			runOnlyForDeploymentPostprocessing = 0;
		};
		C49DEECE1B95896E007935D9 /* Frameworks */ = {
			isa = PBXFrameworksBuildPhase;
			buildActionMask = 2147483647;
			files = (
			);
			runOnlyForDeploymentPostprocessing = 0;
		};
/* End PBXFrameworksBuildPhase section */

/* Begin PBXGroup section */
		47A18615EB8592B9205D96C6 /* Pods */ = {
			isa = PBXGroup;
			children = (
				C2D9049853FE92D84E1C74EA /* Pods.debug.xcconfig */,
				230A5F54DB408B4BA44F8C01 /* Pods.release.xcconfig */,
			);
			name = Pods;
			sourceTree = "<group>";
		};
		C49DEEAF1B95896E007935D9 = {
			isa = PBXGroup;
			children = (
				C49DEEBA1B95896E007935D9 /* manga-ios */,
				C49DEED41B95896E007935D9 /* manga-iosTests */,
				C49DEEB91B95896E007935D9 /* Products */,
				47A18615EB8592B9205D96C6 /* Pods */,
				C89FB51169FBD4298BC82C2B /* Frameworks */,
			);
			sourceTree = "<group>";
		};
		C49DEEB91B95896E007935D9 /* Products */ = {
			isa = PBXGroup;
			children = (
				C49DEEB81B95896E007935D9 /* manga-ios.app */,
				C49DEED11B95896E007935D9 /* manga-iosTests.xctest */,
			);
			name = Products;
			sourceTree = "<group>";
		};
		C49DEEBA1B95896E007935D9 /* manga-ios */ = {
			isa = PBXGroup;
			children = (
				C49DEEE31B958A26007935D9 /* Classes */,
				C49DEEBB1B95896E007935D9 /* Supporting Files */,
				C49DEEFC1B958BCF007935D9 /* Resources */,
			);
			path = "manga-ios";
			sourceTree = "<group>";
		};
		C49DEEBB1B95896E007935D9 /* Supporting Files */ = {
			isa = PBXGroup;
			children = (
				C49DEECA1B95896E007935D9 /* LaunchScreen.xib */,
				C49DEEC51B95896E007935D9 /* Main.storyboard */,
				C49DEEC81B95896E007935D9 /* Images.xcassets */,
				C49DEEBC1B95896E007935D9 /* Info.plist */,
				C49DEEBD1B95896E007935D9 /* main.m */,
			);
			name = "Supporting Files";
			sourceTree = "<group>";
		};
		C49DEED41B95896E007935D9 /* manga-iosTests */ = {
			isa = PBXGroup;
			children = (
				C49DEED71B95896E007935D9 /* manga_iosTests.m */,
				C49DEED51B95896E007935D9 /* Supporting Files */,
			);
			path = "manga-iosTests";
			sourceTree = "<group>";
		};
		C49DEED51B95896E007935D9 /* Supporting Files */ = {
			isa = PBXGroup;
			children = (
				C49DEED61B95896E007935D9 /* Info.plist */,
			);
			name = "Supporting Files";
			sourceTree = "<group>";
		};
		C49DEEE31B958A26007935D9 /* Classes */ = {
			isa = PBXGroup;
			children = (
				C49DEEBF1B95896E007935D9 /* AppDelegate.h */,
				C49DEEC01B95896E007935D9 /* AppDelegate.m */,
				C49DEEF01B958B52007935D9 /* CatalogViewController.h */,
				C49DEEF11B958B52007935D9 /* CatalogViewController.m */,
				C49DEEF41B958B52007935D9 /* MangaCollectionViewCell.h */,
				C49DEEF51B958B52007935D9 /* MangaCollectionViewCell.m */,
				C4B49DE61B96E0920043F034 /* MangaBrief.h */,
				C4B49DE71B96E0920043F034 /* MangaBrief.m */,
				C4B49DE91B96E2AA0043F034 /* MangaConfig.h */,
				C4B49DEA1B96E2AA0043F034 /* MangaConfig.m */,
				C4E5F2291B9DF492007EE7CD /* MangaTabBarController.h */,
				C4E5F22A1B9DF492007EE7CD /* MangaTabBarController.m */,
			);
			path = Classes;
			sourceTree = "<group>";
		};
		C49DEEFC1B958BCF007935D9 /* Resources */ = {
			isa = PBXGroup;
			children = (
			);
			path = Resources;
			sourceTree = "<group>";
		};
		C89FB51169FBD4298BC82C2B /* Frameworks */ = {
			isa = PBXGroup;
			children = (
				8CEB17D1B0533A51B8E4C77B /* libPods.a */,
			);
			name = Frameworks;
			sourceTree = "<group>";
		};
/* End PBXGroup section */

/* Begin PBXNativeTarget section */
		C49DEEB71B95896E007935D9 /* manga-ios */ = {
			isa = PBXNativeTarget;
			buildConfigurationList = C49DEEDB1B95896E007935D9 /* Build configuration list for PBXNativeTarget "manga-ios" */;
			buildPhases = (
				489C4302AE934A4AB7E8FC62 /* Check Pods Manifest.lock */,
				C49DEEB41B95896E007935D9 /* Sources */,
				C49DEEB51B95896E007935D9 /* Frameworks */,
				C49DEEB61B95896E007935D9 /* Resources */,
				D32D36A3C97502BBFF253AD5 /* Copy Pods Resources */,
			);
			buildRules = (
			);
			dependencies = (
			);
			name = "manga-ios";
			productName = "manga-ios";
			productReference = C49DEEB81B95896E007935D9 /* manga-ios.app */;
			productType = "com.apple.product-type.application";
		};
		C49DEED01B95896E007935D9 /* manga-iosTests */ = {
			isa = PBXNativeTarget;
			buildConfigurationList = C49DEEDE1B95896E007935D9 /* Build configuration list for PBXNativeTarget "manga-iosTests" */;
			buildPhases = (
				C49DEECD1B95896E007935D9 /* Sources */,
				C49DEECE1B95896E007935D9 /* Frameworks */,
				C49DEECF1B95896E007935D9 /* Resources */,
			);
			buildRules = (
			);
			dependencies = (
				C49DEED31B95896E007935D9 /* PBXTargetDependency */,
			);
			name = "manga-iosTests";
			productName = "manga-iosTests";
			productReference = C49DEED11B95896E007935D9 /* manga-iosTests.xctest */;
			productType = "com.apple.product-type.bundle.unit-test";
		};
/* End PBXNativeTarget section */

/* Begin PBXProject section */
		C49DEEB01B95896E007935D9 /* Project object */ = {
			isa = PBXProject;
			attributes = {
				LastUpgradeCheck = 0640;
				ORGANIZATIONNAME = "EverManga Studio";
				TargetAttributes = {
					C49DEEB71B95896E007935D9 = {
						CreatedOnToolsVersion = 6.4;
					};
					C49DEED01B95896E007935D9 = {
						CreatedOnToolsVersion = 6.4;
						TestTargetID = C49DEEB71B95896E007935D9;
					};
				};
			};
			buildConfigurationList = C49DEEB31B95896E007935D9 /* Build configuration list for PBXProject "manga-ios" */;
			compatibilityVersion = "Xcode 3.2";
			developmentRegion = English;
			hasScannedForEncodings = 0;
			knownRegions = (
				en,
				Base,
			);
			mainGroup = C49DEEAF1B95896E007935D9;
			productRefGroup = C49DEEB91B95896E007935D9 /* Products */;
			projectDirPath = "";
			projectRoot = "";
			targets = (
				C49DEEB71B95896E007935D9 /* manga-ios */,
				C49DEED01B95896E007935D9 /* manga-iosTests */,
			);
		};
/* End PBXProject section */

/* Begin PBXResourcesBuildPhase section */
		C49DEEB61B95896E007935D9 /* Resources */ = {
			isa = PBXResourcesBuildPhase;
			buildActionMask = 2147483647;
			files = (
				C49DEEC71B95896E007935D9 /* Main.storyboard in Resources */,
				C49DEECC1B95896E007935D9 /* LaunchScreen.xib in Resources */,
				C49DEEC91B95896E007935D9 /* Images.xcassets in Resources */,
			);
			runOnlyForDeploymentPostprocessing = 0;
		};
		C49DEECF1B95896E007935D9 /* Resources */ = {
			isa = PBXResourcesBuildPhase;
			buildActionMask = 2147483647;
			files = (
			);
			runOnlyForDeploymentPostprocessing = 0;
		};
/* End PBXResourcesBuildPhase section */

/* Begin PBXShellScriptBuildPhase section */
		489C4302AE934A4AB7E8FC62 /* Check Pods Manifest.lock */ = {
			isa = PBXShellScriptBuildPhase;
			buildActionMask = 2147483647;
			files = (
			);
			inputPaths = (
			);
			name = "Check Pods Manifest.lock";
			outputPaths = (
			);
			runOnlyForDeploymentPostprocessing = 0;
			shellPath = /bin/sh;
			shellScript = "diff \"${PODS_ROOT}/../Podfile.lock\" \"${PODS_ROOT}/Manifest.lock\" > /dev/null\nif [[ $? != 0 ]] ; then\n    cat << EOM\nerror: The sandbox is not in sync with the Podfile.lock. Run 'pod install' or update your CocoaPods installation.\nEOM\n    exit 1\nfi\n";
			showEnvVarsInLog = 0;
		};
		D32D36A3C97502BBFF253AD5 /* Copy Pods Resources */ = {
			isa = PBXShellScriptBuildPhase;
			buildActionMask = 2147483647;
			files = (
			);
			inputPaths = (
			);
			name = "Copy Pods Resources";
			outputPaths = (
			);
			runOnlyForDeploymentPostprocessing = 0;
			shellPath = /bin/sh;
			shellScript = "\"${SRCROOT}/Pods/Target Support Files/Pods/Pods-resources.sh\"\n";
			showEnvVarsInLog = 0;
		};
/* End PBXShellScriptBuildPhase section */

/* Begin PBXSourcesBuildPhase section */
		C49DEEB41B95896E007935D9 /* Sources */ = {
			isa = PBXSourcesBuildPhase;
			buildActionMask = 2147483647;
			files = (
				C4E5F22B1B9DF492007EE7CD /* MangaTabBarController.m in Sources */,
				C49DEEC11B95896E007935D9 /* AppDelegate.m in Sources */,
				C4B49DEB1B96E2AA0043F034 /* MangaConfig.m in Sources */,
				C49DEEBE1B95896E007935D9 /* main.m in Sources */,
				C49DEEF81B958B52007935D9 /* CatalogViewController.m in Sources */,
				C49DEEFA1B958B52007935D9 /* MangaCollectionViewCell.m in Sources */,
				C4B49DE81B96E0920043F034 /* MangaBrief.m in Sources */,
			);
			runOnlyForDeploymentPostprocessing = 0;
		};
		C49DEECD1B95896E007935D9 /* Sources */ = {
			isa = PBXSourcesBuildPhase;
			buildActionMask = 2147483647;
			files = (
				C49DEED81B95896E007935D9 /* manga_iosTests.m in Sources */,
			);
			runOnlyForDeploymentPostprocessing = 0;
		};
/* End PBXSourcesBuildPhase section */

/* Begin PBXTargetDependency section */
		C49DEED31B95896E007935D9 /* PBXTargetDependency */ = {
			isa = PBXTargetDependency;
			target = C49DEEB71B95896E007935D9 /* manga-ios */;
			targetProxy = C49DEED21B95896E007935D9 /* PBXContainerItemProxy */;
		};
/* End PBXTargetDependency section */

/* Begin PBXVariantGroup section */
		C49DEEC51B95896E007935D9 /* Main.storyboard */ = {
			isa = PBXVariantGroup;
			children = (
				C49DEEC61B95896E007935D9 /* Base */,
			);
			name = Main.storyboard;
			sourceTree = "<group>";
		};
		C49DEECA1B95896E007935D9 /* LaunchScreen.xib */ = {
			isa = PBXVariantGroup;
			children = (
				C49DEECB1B95896E007935D9 /* Base */,
			);
			name = LaunchScreen.xib;
			sourceTree = "<group>";
		};
/* End PBXVariantGroup section */

/* Begin XCBuildConfiguration section */
		C49DEED91B95896E007935D9 /* Debug */ = {
			isa = XCBuildConfiguration;
			buildSettings = {
				ALWAYS_SEARCH_USER_PATHS = NO;
				CLANG_CXX_LANGUAGE_STANDARD = "gnu++0x";
				CLANG_CXX_LIBRARY = "libc++";
				CLANG_ENABLE_MODULES = YES;
				CLANG_ENABLE_OBJC_ARC = YES;
				CLANG_WARN_BOOL_CONVERSION = YES;
				CLANG_WARN_CONSTANT_CONVERSION = YES;
				CLANG_WARN_DIRECT_OBJC_ISA_USAGE = YES_ERROR;
				CLANG_WARN_EMPTY_BODY = YES;
				CLANG_WARN_ENUM_CONVERSION = YES;
				CLANG_WARN_INT_CONVERSION = YES;
				CLANG_WARN_OBJC_ROOT_CLASS = YES_ERROR;
				CLANG_WARN_UNREACHABLE_CODE = YES;
				CLANG_WARN__DUPLICATE_METHOD_MATCH = YES;
				"CODE_SIGN_IDENTITY[sdk=iphoneos*]" = "iPhone Developer";
				COPY_PHASE_STRIP = NO;
				DEBUG_INFORMATION_FORMAT = "dwarf-with-dsym";
				ENABLE_STRICT_OBJC_MSGSEND = YES;
				GCC_C_LANGUAGE_STANDARD = gnu99;
				GCC_DYNAMIC_NO_PIC = NO;
				GCC_NO_COMMON_BLOCKS = YES;
				GCC_OPTIMIZATION_LEVEL = 0;
				GCC_PREPROCESSOR_DEFINITIONS = (
					"DEBUG=1",
					"$(inherited)",
				);
				GCC_SYMBOLS_PRIVATE_EXTERN = NO;
				GCC_WARN_64_TO_32_BIT_CONVERSION = YES;
				GCC_WARN_ABOUT_RETURN_TYPE = YES_ERROR;
				GCC_WARN_UNDECLARED_SELECTOR = YES;
				GCC_WARN_UNINITIALIZED_AUTOS = YES_AGGRESSIVE;
				GCC_WARN_UNUSED_FUNCTION = YES;
				GCC_WARN_UNUSED_VARIABLE = YES;
				IPHONEOS_DEPLOYMENT_TARGET = 8.4;
				MTL_ENABLE_DEBUG_INFO = YES;
				ONLY_ACTIVE_ARCH = YES;
				SDKROOT = iphoneos;
				TARGETED_DEVICE_FAMILY = "1,2";
			};
			name = Debug;
		};
		C49DEEDA1B95896E007935D9 /* Release */ = {
			isa = XCBuildConfiguration;
			buildSettings = {
				ALWAYS_SEARCH_USER_PATHS = NO;
				CLANG_CXX_LANGUAGE_STANDARD = "gnu++0x";
				CLANG_CXX_LIBRARY = "libc++";
				CLANG_ENABLE_MODULES = YES;
				CLANG_ENABLE_OBJC_ARC = YES;
				CLANG_WARN_BOOL_CONVERSION = YES;
				CLANG_WARN_CONSTANT_CONVERSION = YES;
				CLANG_WARN_DIRECT_OBJC_ISA_USAGE = YES_ERROR;
				CLANG_WARN_EMPTY_BODY = YES;
				CLANG_WARN_ENUM_CONVERSION = YES;
				CLANG_WARN_INT_CONVERSION = YES;
				CLANG_WARN_OBJC_ROOT_CLASS = YES_ERROR;
				CLANG_WARN_UNREACHABLE_CODE = YES;
				CLANG_WARN__DUPLICATE_METHOD_MATCH = YES;
				"CODE_SIGN_IDENTITY[sdk=iphoneos*]" = "iPhone Developer";
				COPY_PHASE_STRIP = NO;
				DEBUG_INFORMATION_FORMAT = "dwarf-with-dsym";
				ENABLE_NS_ASSERTIONS = NO;
				ENABLE_STRICT_OBJC_MSGSEND = YES;
				GCC_C_LANGUAGE_STANDARD = gnu99;
				GCC_NO_COMMON_BLOCKS = YES;
				GCC_WARN_64_TO_32_BIT_CONVERSION = YES;
				GCC_WARN_ABOUT_RETURN_TYPE = YES_ERROR;
				GCC_WARN_UNDECLARED_SELECTOR = YES;
				GCC_WARN_UNINITIALIZED_AUTOS = YES_AGGRESSIVE;
				GCC_WARN_UNUSED_FUNCTION = YES;
				GCC_WARN_UNUSED_VARIABLE = YES;
				IPHONEOS_DEPLOYMENT_TARGET = 8.4;
				MTL_ENABLE_DEBUG_INFO = NO;
				SDKROOT = iphoneos;
				TARGETED_DEVICE_FAMILY = "1,2";
				VALIDATE_PRODUCT = YES;
			};
			name = Release;
		};
		C49DEEDC1B95896E007935D9 /* Debug */ = {
			isa = XCBuildConfiguration;
			baseConfigurationReference = C2D9049853FE92D84E1C74EA /* Pods.debug.xcconfig */;
			buildSettings = {
				ASSETCATALOG_COMPILER_APPICON_NAME = AppIcon;
				INFOPLIST_FILE = "manga-ios/Info.plist";
				LD_RUNPATH_SEARCH_PATHS = "$(inherited) @executable_path/Frameworks";
				PRODUCT_NAME = "$(TARGET_NAME)";
				TARGETED_DEVICE_FAMILY = 1;
			};
			name = Debug;
		};
		C49DEEDD1B95896E007935D9 /* Release */ = {
			isa = XCBuildConfiguration;
			baseConfigurationReference = 230A5F54DB408B4BA44F8C01 /* Pods.release.xcconfig */;
			buildSettings = {
				ASSETCATALOG_COMPILER_APPICON_NAME = AppIcon;
				INFOPLIST_FILE = "manga-ios/Info.plist";
				LD_RUNPATH_SEARCH_PATHS = "$(inherited) @executable_path/Frameworks";
				PRODUCT_NAME = "$(TARGET_NAME)";
				TARGETED_DEVICE_FAMILY = 1;
			};
			name = Release;
		};
		C49DEEDF1B95896E007935D9 /* Debug */ = {
			isa = XCBuildConfiguration;
			buildSettings = {
				BUNDLE_LOADER = "$(TEST_HOST)";
				FRAMEWORK_SEARCH_PATHS = (
					"$(SDKROOT)/Developer/Library/Frameworks",
					"$(inherited)",
				);
				GCC_PREPROCESSOR_DEFINITIONS = (
					"DEBUG=1",
					"$(inherited)",
				);
				INFOPLIST_FILE = "manga-iosTests/Info.plist";
				LD_RUNPATH_SEARCH_PATHS = "$(inherited) @executable_path/Frameworks @loader_path/Frameworks";
				PRODUCT_NAME = "$(TARGET_NAME)";
				TEST_HOST = "$(BUILT_PRODUCTS_DIR)/manga-ios.app/manga-ios";
			};
			name = Debug;
		};
		C49DEEE01B95896E007935D9 /* Release */ = {
			isa = XCBuildConfiguration;
			buildSettings = {
				BUNDLE_LOADER = "$(TEST_HOST)";
				FRAMEWORK_SEARCH_PATHS = (
					"$(SDKROOT)/Developer/Library/Frameworks",
					"$(inherited)",
				);
				INFOPLIST_FILE = "manga-iosTests/Info.plist";
				LD_RUNPATH_SEARCH_PATHS = "$(inherited) @executable_path/Frameworks @loader_path/Frameworks";
				PRODUCT_NAME = "$(TARGET_NAME)";
				TEST_HOST = "$(BUILT_PRODUCTS_DIR)/manga-ios.app/manga-ios";
			};
			name = Release;
		};
/* End XCBuildConfiguration section */

/* Begin XCConfigurationList section */
		C49DEEB31B95896E007935D9 /* Build configuration list for PBXProject "manga-ios" */ = {
			isa = XCConfigurationList;
			buildConfigurations = (
				C49DEED91B95896E007935D9 /* Debug */,
				C49DEEDA1B95896E007935D9 /* Release */,
			);
			defaultConfigurationIsVisible = 0;
			defaultConfigurationName = Release;
		};
		C49DEEDB1B95896E007935D9 /* Build configuration list for PBXNativeTarget "manga-ios" */ = {
			isa = XCConfigurationList;
			buildConfigurations = (
				C49DEEDC1B95896E007935D9 /* Debug */,
				C49DEEDD1B95896E007935D9 /* Release */,
			);
			defaultConfigurationIsVisible = 0;
			defaultConfigurationName = Release;
		};
		C49DEEDE1B95896E007935D9 /* Build configuration list for PBXNativeTarget "manga-iosTests" */ = {
			isa = XCConfigurationList;
			buildConfigurations = (
				C49DEEDF1B95896E007935D9 /* Debug */,
				C49DEEE01B95896E007935D9 /* Release */,
			);
			defaultConfigurationIsVisible = 0;
			defaultConfigurationName = Release;
		};
/* End XCConfigurationList section */
	};
	rootObject = C49DEEB01B95896E007935D9 /* Project object */;
}
